<?xml version="1.0" encoding="utf-8"?>
<Project ToolsVersion="4.0" xmlns="http://schemas.microsoft.com/developer/msbuild/2003">
  <ItemGroup>
    <Filter Include="Source Files">
      <UniqueIdentifier>{4FC737F1-C7A5-4376-A066-2A32D752A2FF}</UniqueIdentifier>
      <Extensions>cpp;c;cc;cxx;c++;cppm;ixx;def;odl;idl;hpj;bat;asm;asmx</Extensions>
    </Filter>
    <Filter Include="Header Files">
      <UniqueIdentifier>{93995380-89BD-4b04-88EB-625FBE52EBFB}</UniqueIdentifier>
      <Extensions>h;hh;hpp;hxx;h++;hm;inl;inc;ipp;xsd</Extensions>
    </Filter>
    <Filter Include="Resource Files">
      <UniqueIdentifier>{67DA6AB6-F800-4c08-8B7A-83BB121AAD01}</UniqueIdentifier>
      <Extensions>rc;ico;cur;bmp;dlg;rc2;rct;bin;rgs;gif;jpg;jpeg;jpe;resx;tiff;tif;png;wav;mfcribbon-ms</Extensions>
    </Filter>
    <Filter Include="Header Files\Engine">
      <UniqueIdentifier>{4f4df03a-0013-4e71-aacb-d1a25fa3732a}</UniqueIdentifier>
    </Filter>
    <Filter Include="Header Files\Game">
      <UniqueIdentifier>{acb11b9e-a7fd-4894-8953-e3f01718dd5c}</UniqueIdentifier>
    </Filter>
    <Filter Include="Header Files\Utils">
      <UniqueIdentifier>{13fac2d6-d012-4d3f-8e3a-2009d818f0ee}</UniqueIdentifier>
    </Filter>
    <Filter Include="Source Files\Engine">
      <UniqueIdentifier>{f41012eb-39e8-4568-bbfb-06ce6262a28d}</UniqueIdentifier>
    </Filter>
    <Filter Include="Source Files\Game">
      <UniqueIdentifier>{8ce8b248-b50a-41b7-82ff-13e146753cf1}</UniqueIdentifier>
    </Filter>
    <Filter Include="Source Files\Utils">
      <UniqueIdentifier>{f8bd618e-55a1-4277-b4bb-636107d7438d}</UniqueIdentifier>
    </Filter>
    <Filter Include="Header Files\Engine\Layers">
      <UniqueIdentifier>{21ebeea3-8123-4eca-b05c-f223aeaf9e5c}</UniqueIdentifier>
    </Filter>
    <Filter Include="Header Files\Engine\Game">
      <UniqueIdentifier>{8c7883bd-8332-4361-9bee-282663b1d22a}</UniqueIdentifier>
    </Filter>
    <Filter Include="Header Files\Engine\Animation">
      <UniqueIdentifier>{674d4860-738c-47d7-b888-a70f30a8c1f3}</UniqueIdentifier>
    </Filter>
    <Filter Include="Header Files\Engine\Animation\Animations">
      <UniqueIdentifier>{b001aca6-1085-47a5-b386-9ae509342a28}</UniqueIdentifier>
    </Filter>
    <Filter Include="Header Files\Engine\Animation\Animators">
      <UniqueIdentifier>{0fdf7ea8-251d-4b94-983e-16117cb2d664}</UniqueIdentifier>
    </Filter>
    <Filter Include="Header Files\Engine\Sprites">
      <UniqueIdentifier>{22da6e24-f2b8-4692-9447-64b7d2779613}</UniqueIdentifier>
    </Filter>
    <Filter Include="Header Files\Engine\Physics">
      <UniqueIdentifier>{06844de3-795b-410f-b4e1-1fda742842b0}</UniqueIdentifier>
    </Filter>
    <Filter Include="Header Files\Engine\BoundingAreas">
      <UniqueIdentifier>{481f766d-9496-4054-b52a-a724c4a050f6}</UniqueIdentifier>
    </Filter>
    <Filter Include="Source Files\Engine\Layers">
      <UniqueIdentifier>{7b448f27-54d0-4e1a-afc9-ab31a48f44e4}</UniqueIdentifier>
    </Filter>
    <Filter Include="Source Files\Engine\Game">
      <UniqueIdentifier>{9eec12c6-976a-43ee-acc7-e9119b11a67d}</UniqueIdentifier>
    </Filter>
    <Filter Include="Source Files\Engine\Physics">
      <UniqueIdentifier>{ebdb878e-509b-4a89-8314-04fc3926430e}</UniqueIdentifier>
    </Filter>
    <Filter Include="Source Files\Engine\Sprites">
      <UniqueIdentifier>{387e3708-4157-4977-8f2d-d7a3ff0209e5}</UniqueIdentifier>
    </Filter>
    <Filter Include="Source Files\Engine\BoundingAreas">
      <UniqueIdentifier>{6e967fe1-5f8c-408d-8d95-4f16a7c620af}</UniqueIdentifier>
    </Filter>
    <Filter Include="Source Files\Engine\Animation">
      <UniqueIdentifier>{224dc13d-8cbb-450a-8900-c18e64efec2c}</UniqueIdentifier>
    </Filter>
    <Filter Include="Source Files\Engine\Animation\Animations">
      <UniqueIdentifier>{dd1d0c7c-526b-499d-a095-af2d557cdffe}</UniqueIdentifier>
    </Filter>
    <Filter Include="Source Files\Engine\Animation\Animators">
      <UniqueIdentifier>{0aa5141d-b9c6-4c9d-9ff7-eef608d61b01}</UniqueIdentifier>
    </Filter>
    <Filter Include="Resource Files\csv">
      <UniqueIdentifier>{71b3133b-c065-4f9b-a548-656884219713}</UniqueIdentifier>
    </Filter>
    <Filter Include="Resource Files\sounds">
      <UniqueIdentifier>{356c7309-2e85-487a-840b-3b34337405fd}</UniqueIdentifier>
    </Filter>
    <Filter Include="Resource Files\bitmap">
      <UniqueIdentifier>{cd757fac-8a54-45d5-82bc-3231a1dfba58}</UniqueIdentifier>
    </Filter>
    <Filter Include="Resource Files\config">
      <UniqueIdentifier>{83bdc6b1-7fad-42f6-8cd5-ac07f4879913}</UniqueIdentifier>
    </Filter>
  </ItemGroup>
  <ItemGroup>
    <None Include="packages.config" />
    <None Include="resources\config\config.json">
      <Filter>Resource Files</Filter>
    </None>
    <None Include="resources\csv\level1-1_background.csv">
      <Filter>Resource Files\csv</Filter>
    </None>
    <None Include="resources\csv\level1-1_flag.csv">
      <Filter>Resource Files\csv</Filter>
    </None>
    <None Include="resources\csv\level1-1_Sky.csv">
      <Filter>Resource Files\csv</Filter>
    </None>
    <None Include="resources\csv\level1-1_terain.csv">
      <Filter>Resource Files\csv</Filter>
    </None>
    <None Include="resources\csv\OLDlevel1-1_terain.csv">
      <Filter>Resource Files\csv</Filter>
    </None>
  </ItemGroup>
  <ItemGroup>
    <ClCompile Include="source\main.cpp">
      <Filter>Source Files</Filter>
    </ClCompile>
    <ClCompile Include="source\utils\Utils.cpp">
      <Filter>Source Files\Utils</Filter>
    </ClCompile>
    <ClCompile Include="source\engine\TileLayer.cpp">
      <Filter>Source Files\Engine\Layers</Filter>
    </ClCompile>
    <ClCompile Include="source\engine\TileActions.cpp">
      <Filter>Source Files\Engine\Layers</Filter>
    </ClCompile>
    <ClCompile Include="source\engine\TileUtilities.cpp">
      <Filter>Source Files\Engine\Layers</Filter>
    </ClCompile>
    <ClCompile Include="source\engine\GridLayer.cpp">
      <Filter>Source Files\Engine\Layers</Filter>
    </ClCompile>
    <ClCompile Include="source\engine\GridComputation.cpp">
      <Filter>Source Files\Engine\Layers</Filter>
    </ClCompile>
    <ClCompile Include="source\engine\App.cpp">
      <Filter>Source Files\Engine\Game</Filter>
    </ClCompile>
    <ClCompile Include="source\engine\Game.cpp">
      <Filter>Source Files\Engine\Game</Filter>
    </ClCompile>
    <ClCompile Include="source\engine\CollisionChecker.cpp">
      <Filter>Source Files\Engine\Physics</Filter>
    </ClCompile>
    <ClCompile Include="source\engine\GravityHandler.cpp">
      <Filter>Source Files\Engine\Physics</Filter>
    </ClCompile>
    <ClCompile Include="source\engine\Sprite.cpp">
      <Filter>Source Files\Engine\Sprites</Filter>
    </ClCompile>
    <ClCompile Include="source\engine\Clipper.cpp">
      <Filter>Source Files\Engine\Sprites</Filter>
    </ClCompile>
    <ClCompile Include="source\engine\MotionQuantizer.cpp">
      <Filter>Source Files\Engine\Sprites</Filter>
    </ClCompile>
    <ClCompile Include="source\engine\SpriteManager.cpp">
      <Filter>Source Files\Engine\Sprites</Filter>
    </ClCompile>
    <ClCompile Include="source\engine\BoundingArea.cpp">
      <Filter>Source Files\Engine\BoundingAreas</Filter>
    </ClCompile>
    <ClCompile Include="source\engine\BoundingBox.cpp">
      <Filter>Source Files\Engine\BoundingAreas</Filter>
    </ClCompile>
    <ClCompile Include="source\engine\BoundingPolygon.cpp">
      <Filter>Source Files\Engine\BoundingAreas</Filter>
    </ClCompile>
    <ClCompile Include="source\engine\BoundingCircle.cpp">
      <Filter>Source Files\Engine\BoundingAreas</Filter>
    </ClCompile>
    <ClCompile Include="source\engine\General.cpp">
      <Filter>Source Files\Engine</Filter>
    </ClCompile>
    <ClCompile Include="source\engine\Timing.cpp">
      <Filter>Source Files\Engine</Filter>
    </ClCompile>
    <ClCompile Include="source\engine\DestructionManager.cpp">
      <Filter>Source Files\Engine\Animation</Filter>
    </ClCompile>
    <ClCompile Include="source\engine\KeyFrameAnimations.cpp">
      <Filter>Source Files\Engine\Animation</Filter>
    </ClCompile>
    <ClCompile Include="source\engine\Animator.cpp">
      <Filter>Source Files\Engine\Animation\Animators</Filter>
    </ClCompile>
    <ClCompile Include="source\engine\AnimatorManager.cpp">
      <Filter>Source Files\Engine\Animation\Animators</Filter>
    </ClCompile>
    <ClCompile Include="source\engine\FrameRangeAnimator.cpp">
      <Filter>Source Files\Engine\Animation\Animators</Filter>
    </ClCompile>
    <ClCompile Include="source\engine\MovingAnimator.cpp">
      <Filter>Source Files\Engine\Animation\Animators</Filter>
    </ClCompile>
    <ClCompile Include="source\engine\TickAnimator.cpp">
      <Filter>Source Files\Engine\Animation\Animators</Filter>
    </ClCompile>
    <ClCompile Include="source\engine\Animation.cpp">
      <Filter>Source Files\Engine\Animation\Animations</Filter>
    </ClCompile>
    <ClCompile Include="source\engine\FrameListAnimation.cpp">
      <Filter>Source Files\Engine\Animation\Animations</Filter>
    </ClCompile>
    <ClCompile Include="source\engine\MovingAnimation.cpp">
      <Filter>Source Files\Engine\Animation\Animations</Filter>
    </ClCompile>
    <ClCompile Include="source\engine\FrameRangeAnimation.cpp">
      <Filter>Source Files\Engine\Animation\Animations</Filter>
    </ClCompile>
    <ClCompile Include="source\engine\MovingPathAnimation.cpp">
      <Filter>Source Files\Engine\Animation\Animations</Filter>
    </ClCompile>
    <ClCompile Include="source\engine\TickAnimation.cpp">
      <Filter>Source Files\Engine\Animation\Animations</Filter>
    </ClCompile>
    <ClCompile Include="source\engine\ScrollAnimation.cpp">
      <Filter>Source Files\Engine\Animation\Animations</Filter>
    </ClCompile>
    <ClCompile Include="source\engine\BitmapLoader.cpp">
      <Filter>Source Files\Engine\Animation</Filter>
    </ClCompile>
    <ClCompile Include="source\engine\AnimationFilm.cpp">
      <Filter>Source Files\Engine\Animation</Filter>
    </ClCompile>
    <ClCompile Include="source\engine\AnimationFilmHolder.cpp">
      <Filter>Source Files\Engine\Animation</Filter>
    </ClCompile>
  </ItemGroup>
  <ItemGroup>
    <ClInclude Include="source\utils\Utils.h">
      <Filter>Header Files\Utils</Filter>
    </ClInclude>
    <ClInclude Include="source\game\GameMain.h">
      <Filter>Header Files\Game</Filter>
    </ClInclude>
    <ClInclude Include="source\engine\General.h">
      <Filter>Header Files\Engine</Filter>
    </ClInclude>
    <ClInclude Include="source\engine\Animation.h">
      <Filter>Header Files\Engine\Animation\Animations</Filter>
    </ClInclude>
    <ClInclude Include="source\engine\MovingAnimation.h">
      <Filter>Header Files\Engine\Animation\Animations</Filter>
    </ClInclude>
    <ClInclude Include="source\engine\TileActions.h">
      <Filter>Header Files\Engine\Layers</Filter>
    </ClInclude>
    <ClInclude Include="source\engine\TileLayer.h">
      <Filter>Header Files\Engine\Layers</Filter>
    </ClInclude>
    <ClInclude Include="source\engine\TileUtilities.h">
      <Filter>Header Files\Engine\Layers</Filter>
    </ClInclude>
    <ClInclude Include="source\engine\GridLayer.h">
      <Filter>Header Files\Engine\Layers</Filter>
    </ClInclude>
    <ClInclude Include="source\engine\Game.h">
      <Filter>Header Files\Engine\Game</Filter>
    </ClInclude>
    <ClInclude Include="source\engine\FrameRangeAnimation.h">
      <Filter>Header Files\Engine\Animation\Animations</Filter>
    </ClInclude>
    <ClInclude Include="source\engine\KeyFrameAnimations.h">
      <Filter>Header Files\Engine\Animation</Filter>
    </ClInclude>
    <ClInclude Include="source\engine\FrameListAnimation.h">
      <Filter>Header Files\Engine\Animation\Animations</Filter>
    </ClInclude>
    <ClInclude Include="source\engine\MovingPathAnimation.h">
      <Filter>Header Files\Engine\Animation\Animations</Filter>
    </ClInclude>
    <ClInclude Include="source\engine\ScrollAnimation.h">
      <Filter>Header Files\Engine\Animation\Animations</Filter>
    </ClInclude>
    <ClInclude Include="source\engine\Animator.h">
      <Filter>Header Files\Engine\Animation\Animators</Filter>
    </ClInclude>
    <ClInclude Include="source\engine\MovingAnimator.h">
      <Filter>Header Files\Engine\Animation\Animators</Filter>
    </ClInclude>
    <ClInclude Include="source\engine\FrameRangeAnimator.h">
      <Filter>Header Files\Engine\Animation\Animators</Filter>
    </ClInclude>
    <ClInclude Include="source\engine\AnimatorManager.h">
      <Filter>Header Files\Engine\Animation\Animators</Filter>
    </ClInclude>
    <ClInclude Include="source\engine\DestructionManager.h">
      <Filter>Header Files\Engine\Animation</Filter>
    </ClInclude>
    <ClInclude Include="source\engine\Timing.h">
      <Filter>Header Files\Engine</Filter>
    </ClInclude>
    <ClInclude Include="source\engine\TickAnimation.h">
      <Filter>Header Files\Engine\Animation\Animations</Filter>
    </ClInclude>
    <ClInclude Include="source\engine\TickAnimator.h">
      <Filter>Header Files\Engine\Animation\Animators</Filter>
    </ClInclude>
    <ClInclude Include="source\engine\Sprite.h">
      <Filter>Header Files\Engine\Sprites</Filter>
    </ClInclude>
    <ClInclude Include="source\engine\MotionQuantizer.h">
      <Filter>Header Files\Engine\Sprites</Filter>
    </ClInclude>
    <ClInclude Include="source\engine\Clipper.h">
      <Filter>Header Files\Engine\Sprites</Filter>
    </ClInclude>
    <ClInclude Include="source\engine\GravityHandler.h">
      <Filter>Header Files\Engine\Physics</Filter>
    </ClInclude>
    <ClInclude Include="source\engine\CollisionChecker.h">
      <Filter>Header Files\Engine\Physics</Filter>
    </ClInclude>
    <ClInclude Include="source\engine\SpriteManager.h">
      <Filter>Header Files\Engine\Sprites</Filter>
    </ClInclude>
    <ClInclude Include="source\engine\BoundingArea.h">
      <Filter>Header Files\Engine\BoundingAreas</Filter>
    </ClInclude>
    <ClInclude Include="source\engine\BoundingBox.h">
      <Filter>Header Files\Engine\BoundingAreas</Filter>
    </ClInclude>
    <ClInclude Include="source\engine\BoundingCircle.h">
      <Filter>Header Files\Engine\BoundingAreas</Filter>
    </ClInclude>
    <ClInclude Include="source\engine\BoundingPolygon.h">
      <Filter>Header Files\Engine\BoundingAreas</Filter>
    </ClInclude>
    <ClInclude Include="source\game\GameFunctions.h">
      <Filter>Header Files\Game</Filter>
    </ClInclude>
    <ClInclude Include="source\engine\GridComputation.h">
      <Filter>Header Files\Engine\Layers</Filter>
    </ClInclude>
    <ClInclude Include="source\engine\App.h">
      <Filter>Header Files\Engine\Game</Filter>
    </ClInclude>
    <ClInclude Include="source\engine\BitmapLoader.h">
      <Filter>Header Files\Engine\Animation</Filter>
    </ClInclude>
    <ClInclude Include="source\engine\AnimationFilmHolder.h">
      <Filter>Header Files\Engine\Animation</Filter>
    </ClInclude>
    <ClInclude Include="source\engine\AnimationFilm.h">
      <Filter>Header Files\Engine\Animation</Filter>
    </ClInclude>
  </ItemGroup>
  <ItemGroup>
    <Image Include="resources\bitmaps\tileset.png">
      <Filter>Resource Files\bitmap</Filter>
    </Image>
    <Image Include="resources\bitmaps\characters.gif">
      <Filter>Resource Files\bitmap</Filter>
    </Image>
  </ItemGroup>
  <ItemGroup>
    <Media Include="resources\sounds\smb_1-up.wav">
      <Filter>Resource Files\sounds</Filter>
    </Media>
    <Media Include="resources\sounds\smb_bowserfalls.wav">
      <Filter>Resource Files\sounds</Filter>
    </Media>
    <Media Include="resources\sounds\smb_bowserfire.wav">
      <Filter>Resource Files\sounds</Filter>
    </Media>
    <Media Include="resources\sounds\smb_breakblock.wav">
      <Filter>Resource Files\sounds</Filter>
    </Media>
    <Media Include="resources\sounds\smb_bump.wav">
      <Filter>Resource Files\sounds</Filter>
    </Media>
    <Media Include="resources\sounds\smb_coin.wav">
      <Filter>Resource Files\sounds</Filter>
    </Media>
    <Media Include="resources\sounds\smb_fireball.wav">
      <Filter>Resource Files\sounds</Filter>
    </Media>
    <Media Include="resources\sounds\smb_fireworks.wav">
      <Filter>Resource Files\sounds</Filter>
    </Media>
    <Media Include="resources\sounds\smb_flagpole.wav">
      <Filter>Resource Files\sounds</Filter>
    </Media>
    <Media Include="resources\sounds\smb_gameover.wav">
      <Filter>Resource Files\sounds</Filter>
    </Media>
    <Media Include="resources\sounds\smb_jump-small.wav">
      <Filter>Resource Files\sounds</Filter>
    </Media>
    <Media Include="resources\sounds\smb_jump-super.wav">
      <Filter>Resource Files\sounds</Filter>
    </Media>
    <Media Include="resources\sounds\smb_kick.wav">
      <Filter>Resource Files\sounds</Filter>
    </Media>
    <Media Include="resources\sounds\smb_mariodie.wav">
      <Filter>Resource Files\sounds</Filter>
    </Media>
    <Media Include="resources\sounds\smb_pause.wav">
      <Filter>Resource Files\sounds</Filter>
    </Media>
    <Media Include="resources\sounds\smb_pipe.wav">
      <Filter>Resource Files\sounds</Filter>
    </Media>
    <Media Include="resources\sounds\smb_powerup.wav">
      <Filter>Resource Files\sounds</Filter>
    </Media>
    <Media Include="resources\sounds\smb_powerup_appears.wav">
      <Filter>Resource Files\sounds</Filter>
    </Media>
    <Media Include="resources\sounds\smb_stage_clear.wav">
      <Filter>Resource Files\sounds</Filter>
    </Media>
    <Media Include="resources\sounds\smb_stomp.wav">
      <Filter>Resource Files\sounds</Filter>
    </Media>
    <Media Include="resources\sounds\smb_vine.wav">
      <Filter>Resource Files\sounds</Filter>
    </Media>
    <Media Include="resources\sounds\smb_warning.wav">
      <Filter>Resource Files\sounds</Filter>
    </Media>
    <Media Include="resources\sounds\smb_world_clear.wav">
      <Filter>Resource Files\sounds</Filter>
    </Media>
  </ItemGroup>
</Project>