<?xml version="1.0" encoding="utf-8"?>
<Project ToolsVersion="4.0" xmlns="http://schemas.microsoft.com/developer/msbuild/2003">
  <ItemGroup>
    <Filter Include="Source Files">
      <UniqueIdentifier>{4FC737F1-C7A5-4376-A066-2A32D752A2FF}</UniqueIdentifier>
      <Extensions>cpp;c;cc;cxx;c++;cppm;ixx;def;odl;idl;hpj;bat;asm;asmx</Extensions>
    </Filter>
    <Filter Include="Header Files">
      <UniqueIdentifier>{93995380-89BD-4b04-88EB-625FBE52EBFB}</UniqueIdentifier>
      <Extensions>h;hh;hpp;hxx;h++;hm;inl;inc;ipp;xsd</Extensions>
    </Filter>
    <Filter Include="Resource Files">
      <UniqueIdentifier>{67DA6AB6-F800-4c08-8B7A-83BB121AAD01}</UniqueIdentifier>
      <Extensions>rc;ico;cur;bmp;dlg;rc2;rct;bin;rgs;gif;jpg;jpeg;jpe;resx;tiff;tif;png;wav;mfcribbon-ms</Extensions>
    </Filter>
    <Filter Include="Header Files\Engine">
      <UniqueIdentifier>{4f4df03a-0013-4e71-aacb-d1a25fa3732a}</UniqueIdentifier>
    </Filter>
    <Filter Include="Header Files\Game">
      <UniqueIdentifier>{acb11b9e-a7fd-4894-8953-e3f01718dd5c}</UniqueIdentifier>
    </Filter>
    <Filter Include="Header Files\Utils">
      <UniqueIdentifier>{13fac2d6-d012-4d3f-8e3a-2009d818f0ee}</UniqueIdentifier>
    </Filter>
    <Filter Include="Source Files\Engine">
      <UniqueIdentifier>{f41012eb-39e8-4568-bbfb-06ce6262a28d}</UniqueIdentifier>
    </Filter>
    <Filter Include="Source Files\Game">
      <UniqueIdentifier>{8ce8b248-b50a-41b7-82ff-13e146753cf1}</UniqueIdentifier>
    </Filter>
    <Filter Include="Source Files\Utils">
      <UniqueIdentifier>{f8bd618e-55a1-4277-b4bb-636107d7438d}</UniqueIdentifier>
    </Filter>
    <Filter Include="Header Files\Engine\Layers">
      <UniqueIdentifier>{21ebeea3-8123-4eca-b05c-f223aeaf9e5c}</UniqueIdentifier>
    </Filter>
    <Filter Include="Header Files\Engine\Game">
      <UniqueIdentifier>{8c7883bd-8332-4361-9bee-282663b1d22a}</UniqueIdentifier>
    </Filter>
    <Filter Include="Header Files\Engine\Animation">
      <UniqueIdentifier>{674d4860-738c-47d7-b888-a70f30a8c1f3}</UniqueIdentifier>
    </Filter>
    <Filter Include="Header Files\Engine\Animation\Animations">
      <UniqueIdentifier>{b001aca6-1085-47a5-b386-9ae509342a28}</UniqueIdentifier>
    </Filter>
    <Filter Include="Header Files\Engine\Animation\Animators">
      <UniqueIdentifier>{0fdf7ea8-251d-4b94-983e-16117cb2d664}</UniqueIdentifier>
    </Filter>
    <Filter Include="Header Files\Engine\Sprites">
      <UniqueIdentifier>{22da6e24-f2b8-4692-9447-64b7d2779613}</UniqueIdentifier>
    </Filter>
    <Filter Include="Header Files\Engine\Physics">
      <UniqueIdentifier>{06844de3-795b-410f-b4e1-1fda742842b0}</UniqueIdentifier>
    </Filter>
    <Filter Include="Header Files\Engine\BoundingAreas">
      <UniqueIdentifier>{481f766d-9496-4054-b52a-a724c4a050f6}</UniqueIdentifier>
    </Filter>
  </ItemGroup>
  <ItemGroup>
    <None Include="packages.config" />
    <None Include="resources\config\config.json">
      <Filter>Resource Files</Filter>
    </None>
  </ItemGroup>
  <ItemGroup>
    <ClCompile Include="source\main.cpp">
      <Filter>Source Files</Filter>
    </ClCompile>
    <ClCompile Include="source\utils\Utils.cpp">
      <Filter>Source Files\Utils</Filter>
    </ClCompile>
  </ItemGroup>
  <ItemGroup>
    <ClInclude Include="source\utils\Utils.h">
      <Filter>Header Files\Utils</Filter>
    </ClInclude>
    <ClInclude Include="source\game\GameMain.h">
      <Filter>Header Files\Game</Filter>
    </ClInclude>
    <ClInclude Include="source\engine\General.h">
      <Filter>Header Files\Engine</Filter>
    </ClInclude>
    <ClInclude Include="source\engine\Animation.h">
      <Filter>Header Files\Engine\Animation\Animations</Filter>
    </ClInclude>
    <ClInclude Include="source\engine\MovingAnimation.h">
      <Filter>Header Files\Engine\Animation\Animations</Filter>
    </ClInclude>
    <ClInclude Include="source\engine\TileActions.h">
      <Filter>Header Files\Engine\Layers</Filter>
    </ClInclude>
    <ClInclude Include="source\engine\TileLayer.h">
      <Filter>Header Files\Engine\Layers</Filter>
    </ClInclude>
    <ClInclude Include="source\engine\TileUtilities.h">
      <Filter>Header Files\Engine\Layers</Filter>
    </ClInclude>
    <ClInclude Include="source\engine\GridLayer.h">
      <Filter>Header Files\Engine\Layers</Filter>
    </ClInclude>
    <ClInclude Include="source\engine\Game.h">
      <Filter>Header Files\Engine\Game</Filter>
    </ClInclude>
    <ClInclude Include="source\engine\FrameRangeAnimation.h">
      <Filter>Header Files\Engine\Animation\Animations</Filter>
    </ClInclude>
    <ClInclude Include="source\engine\KeyFrameAnimations.h">
      <Filter>Header Files\Engine\Animation</Filter>
    </ClInclude>
    <ClInclude Include="source\engine\FrameListAnimation.h">
      <Filter>Header Files\Engine\Animation\Animations</Filter>
    </ClInclude>
    <ClInclude Include="source\engine\MovingPathAnimation.h">
      <Filter>Header Files\Engine\Animation\Animations</Filter>
    </ClInclude>
    <ClInclude Include="source\engine\ScrollAnimation.h">
      <Filter>Header Files\Engine\Animation\Animations</Filter>
    </ClInclude>
    <ClInclude Include="source\engine\Animator.h">
      <Filter>Header Files\Engine\Animation\Animators</Filter>
    </ClInclude>
    <ClInclude Include="source\engine\MovingAnimator.h">
      <Filter>Header Files\Engine\Animation\Animators</Filter>
    </ClInclude>
    <ClInclude Include="source\engine\FrameRangeAnimator.h">
      <Filter>Header Files\Engine\Animation\Animators</Filter>
    </ClInclude>
    <ClInclude Include="source\engine\AnimatorManager.h">
      <Filter>Header Files\Engine\Animation\Animators</Filter>
    </ClInclude>
    <ClInclude Include="source\engine\DestructionManager.h">
      <Filter>Header Files\Engine\Animation</Filter>
    </ClInclude>
    <ClInclude Include="source\engine\Timing.h">
      <Filter>Header Files\Engine</Filter>
    </ClInclude>
    <ClInclude Include="source\engine\TickAnimation.h">
      <Filter>Header Files\Engine\Animation\Animations</Filter>
    </ClInclude>
    <ClInclude Include="source\engine\TickAnimator.h">
      <Filter>Header Files\Engine\Animation\Animators</Filter>
    </ClInclude>
    <ClInclude Include="source\engine\Sprite.h">
      <Filter>Header Files\Engine\Sprites</Filter>
    </ClInclude>
    <ClInclude Include="source\engine\MotionQuantizer.h">
      <Filter>Header Files\Engine\Sprites</Filter>
    </ClInclude>
    <ClInclude Include="source\engine\Clipper.h">
      <Filter>Header Files\Engine\Sprites</Filter>
    </ClInclude>
    <ClInclude Include="source\engine\GravityHandler.h">
      <Filter>Header Files\Engine\Physics</Filter>
    </ClInclude>
    <ClInclude Include="source\engine\CollisionChecker.h">
      <Filter>Header Files\Engine\Physics</Filter>
    </ClInclude>
    <ClInclude Include="source\engine\SpriteManager.h">
      <Filter>Header Files\Engine\Sprites</Filter>
    </ClInclude>
    <ClInclude Include="source\engine\BoundingArea.h">
      <Filter>Header Files\Engine\BoundingAreas</Filter>
    </ClInclude>
    <ClInclude Include="source\engine\BoundingBox.h">
      <Filter>Header Files\Engine\BoundingAreas</Filter>
    </ClInclude>
    <ClInclude Include="source\engine\BoundingCircle.h">
      <Filter>Header Files\Engine\BoundingAreas</Filter>
    </ClInclude>
    <ClInclude Include="source\engine\BoundingPolygon.h">
      <Filter>Header Files\Engine\BoundingAreas</Filter>
    </ClInclude>
  </ItemGroup>
</Project>